# This is a Gradle generated file for dependency locking.
# Manual edits can break the build and are not advised.
# This file is expected to be part of source control.
commons-codec:commons-codec:1.21.0=compileClasspath
io.quarkus.arc:arc:3.32.4=compileClasspath
io.quarkus:quarkus-arc:3.32.4=compileClasspath
io.quarkus:quarkus-bootstrap-runner:3.32.4=compileClasspath
io.quarkus:quarkus-classloader-commons:3.32.4=compileClasspath
io.quarkus:quarkus-core:3.32.4=compileClasspath
io.quarkus:quarkus-development-mode-spi:3.32.4=compileClasspath
io.quarkus:quarkus-fs-util:1.3.0=compileClasspath
io.quarkus:quarkus-ide-launcher:3.32.4=compileClasspath
io.quarkus:quarkus-value-registry:3.32.4=compileClasspath
io.smallrye.common:smallrye-common-annotation:2.16.0=compileClasspath
io.smallrye.common:smallrye-common-classloader:2.15.0=compileClasspath
io.smallrye.common:smallrye-common-constraint:2.16.0=compileClasspath
io.smallrye.common:smallrye-common-cpu:2.15.0=compileClasspath
io.smallrye.common:smallrye-common-expression:2.15.0=compileClasspath
io.smallrye.common:smallrye-common-function:2.15.0=compileClasspath
io.smallrye.common:smallrye-common-io:2.16.0=compileClasspath
io.smallrye.common:smallrye-common-net:2.15.0=compileClasspath
io.smallrye.common:smallrye-common-os:2.16.0=compileClasspath
io.smallrye.common:smallrye-common-ref:2.15.0=compileClasspath
io.smallrye.config:smallrye-config-common:3.16.0=compileClasspath
io.smallrye.config:smallrye-config-core:3.16.0=compileClasspath
io.smallrye.config:smallrye-config:3.16.0=compileClasspath
io.smallrye.reactive:mutiny:3.1.1=compileClasspath
io.smallrye:jandex:3.2.2=jandex
jakarta.annotation:jakarta.annotation-api:3.0.0=compileClasspath
jakarta.el:jakarta.el-api:6.0.0=compileClasspath
jakarta.enterprise:jakarta.enterprise.cdi-api:4.1.0=compileClasspath
jakarta.enterprise:jakarta.enterprise.lang-model:4.1.0=compileClasspath
jakarta.inject:jakarta.inject-api:2.0.1=compileClasspath
jakarta.interceptor:jakarta.interceptor-api:2.2.0=compileClasspath
jakarta.json:jakarta.json-api:2.1.3=compileClasspath
jakarta.persistence:jakarta.persistence-api:3.2.0=compileClasspath
jakarta.transaction:jakarta.transaction-api:2.0.1=compileClasspath
org.crac:crac:1.5.0=compileClasspath
org.eclipse.microprofile.config:microprofile-config-api:3.1.1-RC1=compileClasspath
org.eclipse.microprofile.context-propagation:microprofile-context-propagation-api:1.3=compileClasspath
org.eclipse.parsson:parsson:1.1.7=compileClasspath
org.hibernate.orm:hibernate-core:7.2.6.Final=compileClasspath
org.jboss.logging:jboss-logging:3.6.2.Final=compileClasspath
org.jboss.logmanager:jboss-logmanager:3.2.1.Final=compileClasspath
org.jboss.slf4j:slf4j-jboss-logmanager:2.0.2.Final=compileClasspath
org.jboss.threads:jboss-threads:3.9.2=compileClasspath
org.jctools:jctools-core:4.0.5=compileClasspath
org.mockito:mockito-core:5.23.0=mockitoAgent
org.ow2.asm:asm:9.9.1=compileClasspath
org.projectlombok:lombok:1.18.44=annotationProcessor,compileClasspath
org.slf4j:slf4j-api:2.0.17=compileClasspath
org.wildfly.common:wildfly-common:2.0.1=compileClasspath
empty=
