# This is a Gradle generated file for dependency locking.
# Manual edits can break the build and are not advised.
# This file is expected to be part of source control.
com.apicatalog:carbon-did:0.3.0=runtimeClasspath,testRuntimeClasspath
com.apicatalog:copper-multibase:0.5.0=runtimeClasspath,testRuntimeClasspath
com.apicatalog:copper-multicodec:0.1.1=runtimeClasspath,testRuntimeClasspath
com.apicatalog:iron-verifiable-credentials:0.14.0=runtimeClasspath,testRuntimeClasspath
com.apicatalog:titanium-jcs:1.1.1=compileClasspath,runtimeClasspath,testCompileClasspath,testRuntimeClasspath
com.apicatalog:titanium-json-ld:1.7.0=compileClasspath,runtimeClasspath,testCompileClasspath,testRuntimeClasspath
com.apicatalog:titanium-rdf-api:1.0.0=compileClasspath,runtimeClasspath,testCompileClasspath,testRuntimeClasspath
com.apicatalog:titanium-rdf-n-quads:1.0.2=compileClasspath,runtimeClasspath,testCompileClasspath,testRuntimeClasspath
com.ethlo.time:itu:1.14.0=runtimeClasspath,testRuntimeClasspath
com.fasterxml.jackson.core:jackson-annotations:2.21=archUnitExtraLib,compileClasspath,runtimeClasspath,testCompileClasspath,testRuntimeClasspath
com.fasterxml.jackson.core:jackson-core:2.21.0=compileClasspath,runtimeClasspath,testCompileClasspath,testRuntimeClasspath
com.fasterxml.jackson.core:jackson-databind:2.21.0=compileClasspath,runtimeClasspath,testCompileClasspath,testRuntimeClasspath
com.fasterxml.jackson.dataformat:jackson-dataformat-yaml:2.21.0=runtimeClasspath,testRuntimeClasspath
com.fasterxml.jackson.datatype:jackson-datatype-jakarta-jsonp:2.21.0=compileClasspath,runtimeClasspath,testCompileClasspath,testRuntimeClasspath
com.fasterxml.jackson.datatype:jackson-datatype-jsr310:2.21.0=runtimeClasspath,testRuntimeClasspath
com.fasterxml.jackson.jakarta.rs:jackson-jakarta-rs-base:2.21.0=runtimeClasspath,testRuntimeClasspath
com.fasterxml.jackson.jakarta.rs:jackson-jakarta-rs-json-provider:2.21.0=runtimeClasspath,testRuntimeClasspath
com.fasterxml.jackson.module:jackson-module-jakarta-xmlbind-annotations:2.21.0=runtimeClasspath,testRuntimeClasspath
com.fasterxml.jackson:jackson-bom:2.21.0=compileClasspath,runtimeClasspath,testCompileClasspath,testRuntimeClasspath
com.fasterxml.woodstox:woodstox-core:7.1.0=archUnitExtraLib
com.github.spotbugs:spotbugs-annotations:4.9.8=archUnitExtraLib
com.google.auto.value:auto-value-annotations:1.11.0=runtimeClasspath,testRuntimeClasspath
com.google.code.findbugs:annotations:3.0.1=runtimeClasspath,testRuntimeClasspath
com.google.code.findbugs:jsr305:3.0.2=archUnitExtraLib,checkstyle,runtimeClasspath,testRuntimeClasspath
com.google.code.gson:gson:2.13.2=runtimeClasspath,testRuntimeClasspath
com.google.crypto.tink:tink:1.20.0=runtimeClasspath,testRuntimeClasspath
com.google.errorprone:error_prone_annotations:2.36.0=checkstyle
com.google.errorprone:error_prone_annotations:2.41.0=archUnitExtraLib
com.google.errorprone:error_prone_annotations:2.42.0=runtimeClasspath,testRuntimeClasspath
com.google.guava:failureaccess:1.0.3=archUnitExtraLib,checkstyle,runtimeClasspath,testRuntimeClasspath
com.google.guava:guava:33.4.8-jre=checkstyle
com.google.guava:guava:33.5.0-jre=archUnitExtraLib,runtimeClasspath,testRuntimeClasspath
com.google.guava:listenablefuture:9999.0-empty-to-avoid-conflict-with-guava=archUnitExtraLib,checkstyle,runtimeClasspath,testRuntimeClasspath
com.google.j2objc:j2objc-annotations:3.0.0=checkstyle
com.google.j2objc:j2objc-annotations:3.1=archUnitExtraLib,runtimeClasspath,testRuntimeClasspath
com.google.protobuf:protobuf-java:4.33.0=runtimeClasspath,testRuntimeClasspath
com.google.re2j:re2j:1.8=runtimeClasspath,testRuntimeClasspath
com.networknt:json-schema-validator:2.0.0=runtimeClasspath,testRuntimeClasspath
com.nimbusds:nimbus-jose-jwt:10.7=runtimeClasspath,testRuntimeClasspath
com.puppycrawl.tools:checkstyle:11.0.1=checkstyle
com.societegenerale.commons:arch-unit-build-plugin-core:5.0.1=archUnitExtraLib
com.squareup.okhttp3:okhttp-dnsoverhttps:5.3.2=runtimeClasspath,testRuntimeClasspath
com.squareup.okhttp3:okhttp-jvm:5.3.2=compileClasspath,runtimeClasspath,testCompileClasspath,testRuntimeClasspath
com.squareup.okhttp3:okhttp:5.3.2=compileClasspath,runtimeClasspath,testCompileClasspath,testRuntimeClasspath
com.squareup.okio:okio-jvm:3.16.4=compileClasspath,runtimeClasspath,testCompileClasspath,testRuntimeClasspath
com.squareup.okio:okio:3.16.4=compileClasspath,runtimeClasspath,testCompileClasspath,testRuntimeClasspath
com.tngtech.archunit:archunit:1.4.1=archUnitExtraLib
commons-beanutils:commons-beanutils:1.11.0=checkstyle
commons-codec:commons-codec:1.11=checkstyle
commons-codec:commons-codec:1.18.0=archUnitExtraLib
commons-collections:commons-collections:3.2.2=checkstyle
commons-io:commons-io:2.21.0=archUnitExtraLib
commons-logging:commons-logging:1.3.5=archUnitExtraLib
dev.cel:cel:0.11.1=runtimeClasspath,testRuntimeClasspath
dev.failsafe:failsafe-okhttp:3.3.2=compileClasspath,runtimeClasspath,testCompileClasspath,testRuntimeClasspath
dev.failsafe:failsafe:3.3.2=compileClasspath,runtimeClasspath,testCompileClasspath,testRuntimeClasspath
info.picocli:picocli:4.7.7=checkstyle
io.github.classgraph:classgraph:4.8.176=runtimeClasspath,testRuntimeClasspath
io.opentelemetry.instrumentation:opentelemetry-instrumentation-annotations:2.25.0=archUnitExtraLib,runtimeClasspath,testRuntimeClasspath
io.opentelemetry:opentelemetry-api:1.59.0=archUnitExtraLib,runtimeClasspath,testRuntimeClasspath
io.opentelemetry:opentelemetry-common:1.59.0=archUnitExtraLib,runtimeClasspath,testRuntimeClasspath
io.opentelemetry:opentelemetry-context:1.59.0=archUnitExtraLib,runtimeClasspath,testRuntimeClasspath
io.setl:rdf-urdna:1.1=runtimeClasspath,testRuntimeClasspath
io.swagger.core.v3:swagger-annotations-jakarta:2.2.42=runtimeClasspath,testRuntimeClasspath
io.swagger.core.v3:swagger-core-jakarta:2.2.26=runtimeClasspath,testRuntimeClasspath
io.swagger.core.v3:swagger-integration-jakarta:2.2.26=runtimeClasspath,testRuntimeClasspath
io.swagger.core.v3:swagger-jaxrs2-jakarta:2.2.26=runtimeClasspath,testRuntimeClasspath
io.swagger.core.v3:swagger-models-jakarta:2.2.26=runtimeClasspath,testRuntimeClasspath
jakarta.activation:jakarta.activation-api:2.1.3=runtimeClasspath,testRuntimeClasspath
jakarta.activation:jakarta.activation-api:2.1.4=archUnitExtraLib
jakarta.annotation:jakarta.annotation-api:3.0.0=archUnitExtraLib,runtimeClasspath,testRuntimeClasspath
jakarta.inject:jakarta.inject-api:2.0.1=archUnitExtraLib,runtimeClasspath,testRuntimeClasspath
jakarta.json:jakarta.json-api:2.1.3=compileClasspath,runtimeClasspath,testCompileClasspath,testRuntimeClasspath
jakarta.servlet:jakarta.servlet-api:6.1.0=archUnitExtraLib,compileClasspath,runtimeClasspath,testCompileClasspath,testRuntimeClasspath
jakarta.validation:jakarta.validation-api:3.1.0=runtimeClasspath,testRuntimeClasspath
jakarta.ws.rs:jakarta.ws.rs-api:4.0.0=compileClasspath,runtimeClasspath,testCompileClasspath,testRuntimeClasspath
jakarta.xml.bind:jakarta.xml.bind-api:4.0.2=runtimeClasspath,testRuntimeClasspath
jakarta.xml.bind:jakarta.xml.bind-api:4.0.5=archUnitExtraLib
jakarta.xml.soap:jakarta.xml.soap-api:3.0.2=archUnitExtraLib
junit:junit:4.13.2=archUnitExtraLib,testCompileClasspath,testRuntimeClasspath
net.bytebuddy:byte-buddy-agent:1.10.14=archUnitExtraLib
net.bytebuddy:byte-buddy-agent:1.17.7=testCompileClasspath,testRuntimeClasspath
net.bytebuddy:byte-buddy:1.10.14=archUnitExtraLib
net.bytebuddy:byte-buddy:1.17.7=testCompileClasspath,testRuntimeClasspath
net.jcip:jcip-annotations:1.0=runtimeClasspath,testRuntimeClasspath
net.sf.saxon:Saxon-HE:12.8=checkstyle
org.antlr:antlr4-runtime:4.13.2=checkstyle,runtimeClasspath,testRuntimeClasspath
org.apache.commons:commons-configuration2:2.13.0=archUnitExtraLib
org.apache.commons:commons-lang3:3.17.0=runtimeClasspath,testRuntimeClasspath
org.apache.commons:commons-lang3:3.20.0=archUnitExtraLib
org.apache.commons:commons-lang3:3.8.1=checkstyle
org.apache.commons:commons-pool2:2.13.1=runtimeClasspath,testRuntimeClasspath
org.apache.commons:commons-text:1.15.0=archUnitExtraLib
org.apache.commons:commons-text:1.3=checkstyle
org.apache.httpcomponents.client5:httpclient5:5.6=archUnitExtraLib
org.apache.httpcomponents.core5:httpcore5-h2:5.4=archUnitExtraLib
org.apache.httpcomponents.core5:httpcore5:5.4=archUnitExtraLib
org.apache.httpcomponents:httpclient:4.5.13=checkstyle
org.apache.httpcomponents:httpcore:4.4.14=checkstyle
org.apache.maven.doxia:doxia-core:1.12.0=checkstyle
org.apache.maven.doxia:doxia-logging-api:1.12.0=checkstyle
org.apache.maven.doxia:doxia-module-xdoc:1.12.0=checkstyle
org.apache.maven.doxia:doxia-sink-api:1.12.0=checkstyle
org.apache.santuario:xmlsec:4.0.4=archUnitExtraLib
org.apache.xbean:xbean-reflect:3.7=checkstyle
org.apiguardian:apiguardian-api:1.1.2=testCompileClasspath
org.bouncycastle:bcpkix-jdk18on:1.83=archUnitExtraLib,runtimeClasspath,testRuntimeClasspath
org.bouncycastle:bcprov-jdk18on:1.83=archUnitExtraLib,runtimeClasspath,testRuntimeClasspath
org.bouncycastle:bcutil-jdk18on:1.83=archUnitExtraLib,runtimeClasspath,testRuntimeClasspath
org.checkerframework:checker-qual:3.49.5=checkstyle
org.checkerframework:checker-qual:3.52.0=runtimeClasspath,testRuntimeClasspath
org.codehaus.plexus:plexus-classworlds:2.6.0=checkstyle
org.codehaus.plexus:plexus-component-annotations:2.1.0=checkstyle
org.codehaus.plexus:plexus-container-default:2.1.0=checkstyle
org.codehaus.plexus:plexus-utils:3.3.0=checkstyle
org.codehaus.woodstox:stax2-api:4.2.2=archUnitExtraLib
org.eclipse.edc.virtualized:api-authentication:0.16.0-20260323-1-SNAPSHOT=compileClasspath,runtimeClasspath,testCompileClasspath,testRuntimeClasspath
org.eclipse.edc.virtualized:api-authorization:0.16.0-20260323-1-SNAPSHOT=compileClasspath,runtimeClasspath,testCompileClasspath,testRuntimeClasspath
org.eclipse.edc.virtualized:asset-api:0.16.0-20260323-1-SNAPSHOT=compileClasspath,runtimeClasspath,testCompileClasspath,testRuntimeClasspath
org.eclipse.edc.virtualized:banner-extension:0.16.0-20260323-1-SNAPSHOT=compileClasspath,runtimeClasspath,testCompileClasspath,testRuntimeClasspath
org.eclipse.edc.virtualized:catalog-api:0.16.0-20260323-1-SNAPSHOT=compileClasspath,runtimeClasspath,testCompileClasspath,testRuntimeClasspath
org.eclipse.edc.virtualized:cel-api:0.16.0-20260323-1-SNAPSHOT=compileClasspath,runtimeClasspath,testCompileClasspath,testRuntimeClasspath
org.eclipse.edc.virtualized:contract-agreement-api:0.16.0-20260323-1-SNAPSHOT=compileClasspath,runtimeClasspath,testCompileClasspath,testRuntimeClasspath
org.eclipse.edc.virtualized:contract-definition-api:0.16.0-20260323-1-SNAPSHOT=compileClasspath,runtimeClasspath,testCompileClasspath,testRuntimeClasspath
org.eclipse.edc.virtualized:contract-negotiation-api:0.16.0-20260323-1-SNAPSHOT=compileClasspath,runtimeClasspath,testCompileClasspath,testRuntimeClasspath
org.eclipse.edc.virtualized:dsp-2025:0.16.0-20260323-1-SNAPSHOT=compileClasspath,runtimeClasspath,testCompileClasspath,testRuntimeClasspath
org.eclipse.edc.virtualized:dsp-catalog-2025:0.16.0-20260323-1-SNAPSHOT=compileClasspath,runtimeClasspath,testCompileClasspath,testRuntimeClasspath
org.eclipse.edc.virtualized:dsp-catalog-http-api-2025:0.16.0-20260323-1-SNAPSHOT=compileClasspath,runtimeClasspath,testCompileClasspath,testRuntimeClasspath
org.eclipse.edc.virtualized:dsp-http-api-configuration-2025:0.16.0-20260323-1-SNAPSHOT=compileClasspath,runtimeClasspath,testCompileClasspath,testRuntimeClasspath
org.eclipse.edc.virtualized:dsp-metadata-http-api:0.16.0-20260323-1-SNAPSHOT=compileClasspath,runtimeClasspath,testCompileClasspath,testRuntimeClasspath
org.eclipse.edc.virtualized:dsp-negotiation-2025:0.16.0-20260323-1-SNAPSHOT=compileClasspath,runtimeClasspath,testCompileClasspath,testRuntimeClasspath
org.eclipse.edc.virtualized:dsp-negotiation-http-api-2025:0.16.0-20260323-1-SNAPSHOT=compileClasspath,runtimeClasspath,testCompileClasspath,testRuntimeClasspath
org.eclipse.edc.virtualized:dsp-transfer-process-2025:0.16.0-20260323-1-SNAPSHOT=compileClasspath,runtimeClasspath,testCompileClasspath,testRuntimeClasspath
org.eclipse.edc.virtualized:dsp-transfer-process-http-api-2025:0.16.0-20260323-1-SNAPSHOT=compileClasspath,runtimeClasspath,testCompileClasspath,testRuntimeClasspath
org.eclipse.edc.virtualized:dsp:0.16.0-20260323-1-SNAPSHOT=compileClasspath,runtimeClasspath,testCompileClasspath,testRuntimeClasspath
org.eclipse.edc.virtualized:management-api-configuration:0.16.0-20260323-1-SNAPSHOT=compileClasspath,runtimeClasspath,testCompileClasspath,testRuntimeClasspath
org.eclipse.edc.virtualized:management-api:0.16.0-20260323-1-SNAPSHOT=compileClasspath,runtimeClasspath,testCompileClasspath,testRuntimeClasspath
org.eclipse.edc.virtualized:negotiation-manager:0.16.0-20260323-1-SNAPSHOT=compileClasspath,runtimeClasspath,testCompileClasspath,testRuntimeClasspath
org.eclipse.edc.virtualized:participant-context-api:0.16.0-20260323-1-SNAPSHOT=compileClasspath,runtimeClasspath,testCompileClasspath,testRuntimeClasspath
org.eclipse.edc.virtualized:participant-context-config-api:0.16.0-20260323-1-SNAPSHOT=compileClasspath,runtimeClasspath,testCompileClasspath,testRuntimeClasspath
org.eclipse.edc.virtualized:policy-definition-api:0.16.0-20260323-1-SNAPSHOT=compileClasspath,runtimeClasspath,testCompileClasspath,testRuntimeClasspath
org.eclipse.edc.virtualized:tasks-store-listener:0.16.0-20260323-1-SNAPSHOT=compileClasspath,runtimeClasspath,testCompileClasspath,testRuntimeClasspath
org.eclipse.edc.virtualized:tasks-store-sql:0.16.0-20260323-1-SNAPSHOT=compileClasspath,runtimeClasspath,testCompileClasspath,testRuntimeClasspath
org.eclipse.edc.virtualized:transfer-process-api:0.16.0-20260323-1-SNAPSHOT=compileClasspath,runtimeClasspath,testCompileClasspath,testRuntimeClasspath
org.eclipse.edc.virtualized:transfer-process-manager:0.16.0-20260323-1-SNAPSHOT=compileClasspath,runtimeClasspath,testCompileClasspath,testRuntimeClasspath
org.eclipse.edc.virtualized:v-auth-spi:0.16.0-20260323-1-SNAPSHOT=compileClasspath,runtimeClasspath,testCompileClasspath,testRuntimeClasspath
org.eclipse.edc.virtualized:v-connector-core:0.16.0-20260323-1-SNAPSHOT=compileClasspath,runtimeClasspath,testCompileClasspath,testRuntimeClasspath
org.eclipse.edc.virtualized:v-core-spi:0.16.0-20260323-1-SNAPSHOT=compileClasspath,runtimeClasspath,testCompileClasspath,testRuntimeClasspath
org.eclipse.edc.virtualized:v-management-api-lib:0.16.0-20260323-1-SNAPSHOT=compileClasspath,runtimeClasspath,testCompileClasspath,testRuntimeClasspath
org.eclipse.edc.virtualized:v-task-core:0.16.0-20260323-1-SNAPSHOT=compileClasspath,runtimeClasspath,testCompileClasspath,testRuntimeClasspath
org.eclipse.edc.virtualized:v-task-spi:0.16.0-20260323-1-SNAPSHOT=compileClasspath,runtimeClasspath,testCompileClasspath,testRuntimeClasspath
org.eclipse.edc.virtualized:virtual-controlplane-base-bom:0.16.0-20260323-1-SNAPSHOT=compileClasspath,runtimeClasspath,testCompileClasspath,testRuntimeClasspath
org.eclipse.edc.virtualized:virtual-controlplane-feature-sql-bom:0.16.0-20260323-1-SNAPSHOT=compileClasspath,runtimeClasspath,testCompileClasspath,testRuntimeClasspath
org.eclipse.edc:aes-encryption:0.16.0=runtimeClasspath,testRuntimeClasspath
org.eclipse.edc:api-lib:0.16.0=runtimeClasspath,testRuntimeClasspath
org.eclipse.edc:api-observability:0.16.0=runtimeClasspath,testRuntimeClasspath
org.eclipse.edc:asset-index-sql:0.16.0=runtimeClasspath,testRuntimeClasspath
org.eclipse.edc:asset-spi:0.16.0=compileClasspath,runtimeClasspath,testCompileClasspath,testRuntimeClasspath
org.eclipse.edc:auth-authentication-oauth2-lib:0.16.0=runtimeClasspath,testRuntimeClasspath
org.eclipse.edc:auth-authorization-oauth2-lib:0.16.0=runtimeClasspath,testRuntimeClasspath
org.eclipse.edc:auth-spi:0.16.0=runtimeClasspath,testRuntimeClasspath
org.eclipse.edc:boot-lib:0.16.0=runtimeClasspath,testRuntimeClasspath
org.eclipse.edc:boot-spi:0.16.0=compileClasspath,runtimeClasspath,testCompileClasspath,testRuntimeClasspath
org.eclipse.edc:boot:0.16.0=runtimeClasspath,testRuntimeClasspath
org.eclipse.edc:catalog-spi:0.16.0=compileClasspath,runtimeClasspath,testCompileClasspath,testRuntimeClasspath
org.eclipse.edc:cel-core:0.16.0=runtimeClasspath,testRuntimeClasspath
org.eclipse.edc:cel-spi:0.16.0=runtimeClasspath,testRuntimeClasspath
org.eclipse.edc:cel-store-sql:0.16.0=runtimeClasspath,testRuntimeClasspath
org.eclipse.edc:connector-core:0.16.0=runtimeClasspath,testRuntimeClasspath
org.eclipse.edc:connector-participant-context-spi:0.16.0=compileClasspath,runtimeClasspath,testCompileClasspath,testRuntimeClasspath
org.eclipse.edc:contract-definition-store-sql:0.16.0=runtimeClasspath,testRuntimeClasspath
org.eclipse.edc:contract-negotiation-store-sql:0.16.0=runtimeClasspath,testRuntimeClasspath
org.eclipse.edc:contract-spi:0.16.0=compileClasspath,runtimeClasspath,testCompileClasspath,testRuntimeClasspath
org.eclipse.edc:control-plane-aggregate-services:0.16.0=runtimeClasspath,testRuntimeClasspath
org.eclipse.edc:control-plane-catalog:0.16.0=runtimeClasspath,testRuntimeClasspath
org.eclipse.edc:control-plane-contract:0.16.0=runtimeClasspath,testRuntimeClasspath
org.eclipse.edc:control-plane-core:0.16.0=runtimeClasspath,testRuntimeClasspath
org.eclipse.edc:control-plane-policies-lib:0.16.0=runtimeClasspath,testRuntimeClasspath
org.eclipse.edc:control-plane-spi:0.16.0=compileClasspath,runtimeClasspath,testCompileClasspath,testRuntimeClasspath
org.eclipse.edc:control-plane-sql:0.16.0=runtimeClasspath,testRuntimeClasspath
org.eclipse.edc:control-plane-transfer-provision-lib:0.16.0=runtimeClasspath,testRuntimeClasspath
org.eclipse.edc:control-plane-transfer:0.16.0=runtimeClasspath,testRuntimeClasspath
org.eclipse.edc:control-plane-transform:0.16.0=runtimeClasspath,testRuntimeClasspath
org.eclipse.edc:controlplane-feature-sql-bom:0.16.0=runtimeClasspath,testRuntimeClasspath
org.eclipse.edc:core-spi:0.16.0=compileClasspath,runtimeClasspath,testCompileClasspath,testRuntimeClasspath
org.eclipse.edc:crypto-common-lib:0.16.0=runtimeClasspath,testRuntimeClasspath
org.eclipse.edc:data-address-http-data-spi:0.16.0=runtimeClasspath,testRuntimeClasspath
org.eclipse.edc:data-plane-instance-store-sql:0.16.0=runtimeClasspath,testRuntimeClasspath
org.eclipse.edc:data-plane-selector-core:0.16.0=runtimeClasspath,testRuntimeClasspath
org.eclipse.edc:data-plane-selector-spi:0.16.0=runtimeClasspath,testRuntimeClasspath
org.eclipse.edc:data-plane-signaling-client:0.16.0=runtimeClasspath,testRuntimeClasspath
org.eclipse.edc:data-plane-signaling-transform:0.16.0=runtimeClasspath,testRuntimeClasspath
org.eclipse.edc:data-plane-spi:0.16.0=runtimeClasspath,testRuntimeClasspath
org.eclipse.edc:dsp-catalog-http-api-lib:0.16.0=runtimeClasspath,testRuntimeClasspath
org.eclipse.edc:dsp-catalog-http-dispatcher:0.16.0=compileClasspath,runtimeClasspath,testCompileClasspath,testRuntimeClasspath
org.eclipse.edc:dsp-catalog-transform-2025:0.16.0=compileClasspath,runtimeClasspath,testCompileClasspath,testRuntimeClasspath
org.eclipse.edc:dsp-catalog-transform-lib:0.16.0=runtimeClasspath,testRuntimeClasspath
org.eclipse.edc:dsp-catalog-validation-lib:0.16.0=runtimeClasspath,testRuntimeClasspath
org.eclipse.edc:dsp-http-api-base-configuration:0.16.0=compileClasspath,runtimeClasspath,testCompileClasspath,testRuntimeClasspath
org.eclipse.edc:dsp-http-core:0.16.0=compileClasspath,runtimeClasspath,testCompileClasspath,testRuntimeClasspath
org.eclipse.edc:dsp-http-dispatcher-2025:0.16.0=compileClasspath,runtimeClasspath,testCompileClasspath,testRuntimeClasspath
org.eclipse.edc:dsp-http-spi:0.16.0=compileClasspath,runtimeClasspath,testCompileClasspath,testRuntimeClasspath
org.eclipse.edc:dsp-negotiation-http-api-lib:0.16.0=runtimeClasspath,testRuntimeClasspath
org.eclipse.edc:dsp-negotiation-http-dispatcher:0.16.0=compileClasspath,runtimeClasspath,testCompileClasspath,testRuntimeClasspath
org.eclipse.edc:dsp-negotiation-transform-2025:0.16.0=compileClasspath,runtimeClasspath,testCompileClasspath,testRuntimeClasspath
org.eclipse.edc:dsp-negotiation-transform-lib:0.16.0=runtimeClasspath,testRuntimeClasspath
org.eclipse.edc:dsp-negotiation-validation-lib:0.16.0=runtimeClasspath,testRuntimeClasspath
org.eclipse.edc:dsp-spi-2025:0.16.0=compileClasspath,runtimeClasspath,testCompileClasspath,testRuntimeClasspath
org.eclipse.edc:dsp-spi:0.16.0=compileClasspath,runtimeClasspath,testCompileClasspath,testRuntimeClasspath
org.eclipse.edc:dsp-transfer-process-http-api-lib:0.16.0=runtimeClasspath,testRuntimeClasspath
org.eclipse.edc:dsp-transfer-process-http-dispatcher:0.16.0=compileClasspath,runtimeClasspath,testCompileClasspath,testRuntimeClasspath
org.eclipse.edc:dsp-transfer-process-transform-2025:0.16.0=compileClasspath,runtimeClasspath,testCompileClasspath,testRuntimeClasspath
org.eclipse.edc:dsp-transfer-process-transform-lib:0.16.0=runtimeClasspath,testRuntimeClasspath
org.eclipse.edc:dsp-transfer-process-validation-lib:0.16.0=runtimeClasspath,testRuntimeClasspath
org.eclipse.edc:edr-index-sql:0.16.0=runtimeClasspath,testRuntimeClasspath
org.eclipse.edc:edr-store-spi:0.16.0=runtimeClasspath,testRuntimeClasspath
org.eclipse.edc:encryption-lib:0.16.0=runtimeClasspath,testRuntimeClasspath
org.eclipse.edc:encryption-spi:0.16.0=runtimeClasspath,testRuntimeClasspath
org.eclipse.edc:http-lib:0.16.0=runtimeClasspath,testRuntimeClasspath
org.eclipse.edc:http-spi:0.16.0=compileClasspath,runtimeClasspath,testCompileClasspath,testRuntimeClasspath
org.eclipse.edc:jersey-core:0.16.0=runtimeClasspath,testRuntimeClasspath
org.eclipse.edc:jersey-providers-lib:0.16.0=runtimeClasspath,testRuntimeClasspath
org.eclipse.edc:jetty-core:0.16.0=runtimeClasspath,testRuntimeClasspath
org.eclipse.edc:json-ld-lib:0.16.0=runtimeClasspath,testRuntimeClasspath
org.eclipse.edc:json-ld-spi:0.16.0=compileClasspath,runtimeClasspath,testCompileClasspath,testRuntimeClasspath
org.eclipse.edc:json-ld:0.16.0=compileClasspath,runtimeClasspath,testCompileClasspath,testRuntimeClasspath
org.eclipse.edc:json-lib:0.16.0=runtimeClasspath,testRuntimeClasspath
org.eclipse.edc:jti-validation-store-sql:0.16.0=runtimeClasspath,testRuntimeClasspath
org.eclipse.edc:jwt-signer-spi:0.16.0=runtimeClasspath,testRuntimeClasspath
org.eclipse.edc:jwt-spi:0.16.0=runtimeClasspath,testRuntimeClasspath
org.eclipse.edc:keys-lib:0.16.0=runtimeClasspath,testRuntimeClasspath
org.eclipse.edc:keys-spi:0.16.0=compileClasspath,runtimeClasspath,testCompileClasspath,testRuntimeClasspath
org.eclipse.edc:management-api-lib:0.16.0=compileClasspath,runtimeClasspath,testCompileClasspath,testRuntimeClasspath
org.eclipse.edc:management-api-schema-validator:0.16.0=runtimeClasspath,testRuntimeClasspath
org.eclipse.edc:participant-context-config-core:0.16.0=runtimeClasspath,testRuntimeClasspath
org.eclipse.edc:participant-context-config-spi:0.16.0=compileClasspath,runtimeClasspath,testCompileClasspath,testRuntimeClasspath
org.eclipse.edc:participant-context-core:0.16.0=runtimeClasspath,testRuntimeClasspath
org.eclipse.edc:participant-context-single-spi:0.16.0=runtimeClasspath,testRuntimeClasspath
org.eclipse.edc:participant-spi:0.16.0=compileClasspath,runtimeClasspath,testCompileClasspath,testRuntimeClasspath
org.eclipse.edc:participantcontext-config-store-sql:0.16.0=runtimeClasspath,testRuntimeClasspath
org.eclipse.edc:participantcontext-store-sql:0.16.0=runtimeClasspath,testRuntimeClasspath
org.eclipse.edc:policy-definition-store-sql:0.16.0=runtimeClasspath,testRuntimeClasspath
org.eclipse.edc:policy-engine-lib:0.16.0=runtimeClasspath,testRuntimeClasspath
org.eclipse.edc:policy-engine-spi:0.16.0=compileClasspath,runtimeClasspath,testCompileClasspath,testRuntimeClasspath
org.eclipse.edc:policy-evaluator-lib:0.16.0=runtimeClasspath,testRuntimeClasspath
org.eclipse.edc:policy-model:0.16.0=compileClasspath,runtimeClasspath,testCompileClasspath,testRuntimeClasspath
org.eclipse.edc:policy-monitor-core:0.16.0=runtimeClasspath,testRuntimeClasspath
org.eclipse.edc:policy-monitor-spi:0.16.0=runtimeClasspath,testRuntimeClasspath
org.eclipse.edc:policy-monitor-store-sql:0.16.0=runtimeClasspath,testRuntimeClasspath
org.eclipse.edc:policy-spi:0.16.0=compileClasspath,runtimeClasspath,testCompileClasspath,testRuntimeClasspath
org.eclipse.edc:protocol-spi:0.16.0=compileClasspath,runtimeClasspath,testCompileClasspath,testRuntimeClasspath
org.eclipse.edc:query-lib:0.16.0=runtimeClasspath,testRuntimeClasspath
org.eclipse.edc:request-policy-context-spi:0.16.0=compileClasspath,runtimeClasspath,testCompileClasspath,testRuntimeClasspath
org.eclipse.edc:runtime-core:0.16.0=runtimeClasspath,testRuntimeClasspath
org.eclipse.edc:runtime-metamodel:0.16.0=compileClasspath,runtimeClasspath,testCompileClasspath,testRuntimeClasspath
org.eclipse.edc:secrets-spi:0.16.0=runtimeClasspath,testRuntimeClasspath
org.eclipse.edc:sql-bootstrapper:0.16.0=runtimeClasspath,testRuntimeClasspath
org.eclipse.edc:sql-core:0.16.0=runtimeClasspath,testRuntimeClasspath
org.eclipse.edc:sql-lease-core:0.16.0=runtimeClasspath,testRuntimeClasspath
org.eclipse.edc:sql-lease-spi:0.16.0=runtimeClasspath,testRuntimeClasspath
org.eclipse.edc:sql-lease:0.16.0=runtimeClasspath,testRuntimeClasspath
org.eclipse.edc:sql-lib:0.16.0=runtimeClasspath,testRuntimeClasspath
org.eclipse.edc:sql-pool-apache-commons:0.16.0=runtimeClasspath,testRuntimeClasspath
org.eclipse.edc:state-machine-lib:0.16.0=runtimeClasspath,testRuntimeClasspath
org.eclipse.edc:store-lib:0.16.0=runtimeClasspath,testRuntimeClasspath
org.eclipse.edc:token-core:0.16.0=runtimeClasspath,testRuntimeClasspath
org.eclipse.edc:token-lib:0.16.0=runtimeClasspath,testRuntimeClasspath
org.eclipse.edc:token-spi:0.16.0=compileClasspath,runtimeClasspath,testCompileClasspath,testRuntimeClasspath
org.eclipse.edc:transaction-datasource-spi:0.16.0=runtimeClasspath,testRuntimeClasspath
org.eclipse.edc:transaction-local:0.16.0=runtimeClasspath,testRuntimeClasspath
org.eclipse.edc:transaction-spi:0.16.0=compileClasspath,runtimeClasspath,testCompileClasspath,testRuntimeClasspath
org.eclipse.edc:transfer-data-plane-signaling:0.16.0=runtimeClasspath,testRuntimeClasspath
org.eclipse.edc:transfer-process-store-sql:0.16.0=runtimeClasspath,testRuntimeClasspath
org.eclipse.edc:transfer-spi:0.16.0=compileClasspath,runtimeClasspath,testCompileClasspath,testRuntimeClasspath
org.eclipse.edc:transform-lib:0.16.0=runtimeClasspath,testRuntimeClasspath
org.eclipse.edc:transform-spi:0.16.0=compileClasspath,runtimeClasspath,testCompileClasspath,testRuntimeClasspath
org.eclipse.edc:util-lib:0.16.0=runtimeClasspath,testRuntimeClasspath
org.eclipse.edc:validator-lib:0.16.0=runtimeClasspath,testRuntimeClasspath
org.eclipse.edc:validator-spi:0.16.0=compileClasspath,runtimeClasspath,testCompileClasspath,testRuntimeClasspath
org.eclipse.edc:verifiable-credentials-spi:0.16.0=runtimeClasspath,testRuntimeClasspath
org.eclipse.edc:web-spi:0.16.0=compileClasspath,runtimeClasspath,testCompileClasspath,testRuntimeClasspath
org.eclipse.jetty.ee10:jetty-ee10-servlet:12.1.6=runtimeClasspath,testRuntimeClasspath
org.eclipse.jetty.websocket:jetty-websocket:12.1.6=runtimeClasspath,testRuntimeClasspath
org.eclipse.jetty:jetty-http:12.1.6=runtimeClasspath,testRuntimeClasspath
org.eclipse.jetty:jetty-io:12.1.6=runtimeClasspath,testRuntimeClasspath
org.eclipse.jetty:jetty-security:12.1.6=runtimeClasspath,testRuntimeClasspath
org.eclipse.jetty:jetty-server:12.1.6=runtimeClasspath,testRuntimeClasspath
org.eclipse.jetty:jetty-session:12.1.6=runtimeClasspath,testRuntimeClasspath
org.eclipse.jetty:jetty-util:12.1.6=runtimeClasspath,testRuntimeClasspath
org.eclipse.parsson:parsson:1.1.7=runtimeClasspath,testRuntimeClasspath
org.glassfish.hk2.external:aopalliance-repackaged:4.0.0-M3=runtimeClasspath,testRuntimeClasspath
org.glassfish.hk2:hk2-api:4.0.0-M3=runtimeClasspath,testRuntimeClasspath
org.glassfish.hk2:hk2-locator:4.0.0-M3=runtimeClasspath,testRuntimeClasspath
org.glassfish.hk2:hk2-utils:4.0.0-M3=runtimeClasspath,testRuntimeClasspath
org.glassfish.hk2:osgi-resource-locator:3.0.0=runtimeClasspath,testRuntimeClasspath
org.glassfish.jersey.containers:jersey-container-servlet:4.0.2=runtimeClasspath,testRuntimeClasspath
org.glassfish.jersey.core:jersey-client:4.0.2=runtimeClasspath,testRuntimeClasspath
org.glassfish.jersey.core:jersey-common:4.0.2=runtimeClasspath,testRuntimeClasspath
org.glassfish.jersey.core:jersey-server:4.0.2=runtimeClasspath,testRuntimeClasspath
org.glassfish.jersey.ext:jersey-entity-filtering:4.0.2=runtimeClasspath,testRuntimeClasspath
org.glassfish.jersey.inject:jersey-hk2:4.0.2=runtimeClasspath,testRuntimeClasspath
org.glassfish.jersey.media:jersey-media-json-jackson:4.0.2=runtimeClasspath,testRuntimeClasspath
org.glassfish.jersey.media:jersey-media-multipart:4.0.2=runtimeClasspath,testRuntimeClasspath
org.glassfish:jakarta.json:2.0.1=runtimeClasspath,testRuntimeClasspath
org.hamcrest:hamcrest-core:1.3=archUnitExtraLib,testCompileClasspath,testRuntimeClasspath
org.jacoco:org.jacoco.agent:0.8.14=jacocoAgent,jacocoAnt
org.jacoco:org.jacoco.ant:0.8.14=jacocoAnt
org.jacoco:org.jacoco.core:0.8.14=jacocoAnt
org.jacoco:org.jacoco.report:0.8.14=jacocoAnt
org.javassist:javassist:3.27.0-GA=archUnitExtraLib
org.javassist:javassist:3.28.0-GA=checkstyle
org.javassist:javassist:3.30.2-GA=runtimeClasspath,testRuntimeClasspath
org.jboss.forge.roaster:roaster-api:2.30.3.Final=archUnitExtraLib
org.jboss.forge.roaster:roaster-jdt:2.30.3.Final=archUnitExtraLib
org.jetbrains.kotlin:kotlin-stdlib:2.2.21=compileClasspath,runtimeClasspath,testCompileClasspath,testRuntimeClasspath
org.jetbrains:annotations:26.1.0=compileClasspath,runtimeClasspath,testCompileClasspath,testRuntimeClasspath
org.jspecify:jspecify:1.0.0=archUnitExtraLib,checkstyle,runtimeClasspath,testCompileClasspath,testRuntimeClasspath
org.junit.jupiter:junit-jupiter-api:6.0.1=archUnitExtraLib
org.junit.jupiter:junit-jupiter-api:6.0.3=testCompileClasspath,testRuntimeClasspath
org.junit.jupiter:junit-jupiter-engine:6.0.1=archUnitExtraLib
org.junit.jupiter:junit-jupiter-engine:6.0.3=testCompileClasspath,testRuntimeClasspath
org.junit.jupiter:junit-jupiter-params:6.0.1=archUnitExtraLib
org.junit.jupiter:junit-jupiter:6.0.1=archUnitExtraLib
org.junit.platform:junit-platform-commons:6.0.1=archUnitExtraLib
org.junit.platform:junit-platform-commons:6.0.3=testCompileClasspath,testRuntimeClasspath
org.junit.platform:junit-platform-engine:6.0.1=archUnitExtraLib
org.junit.platform:junit-platform-engine:6.0.3=testCompileClasspath,testRuntimeClasspath
org.junit.platform:junit-platform-launcher:6.0.3=testRuntimeClasspath
org.junit.vintage:junit-vintage-engine:6.0.3=testCompileClasspath,testRuntimeClasspath
org.junit:junit-bom:6.0.1=archUnitExtraLib
org.junit:junit-bom:6.0.3=testCompileClasspath,testRuntimeClasspath
org.jvnet.mimepull:mimepull:1.9.15=runtimeClasspath,testRuntimeClasspath
org.mockito:mockito-core:5.23.0=mockitoAgent,testCompileClasspath,testRuntimeClasspath
org.mockito:mockito-junit-jupiter:5.23.0=testCompileClasspath,testRuntimeClasspath
org.objenesis:objenesis:3.0.1=archUnitExtraLib
org.objenesis:objenesis:3.3=testRuntimeClasspath
org.opentest4j:opentest4j:1.3.0=archUnitExtraLib,testCompileClasspath,testRuntimeClasspath
org.ow2.asm:asm-commons:9.9=jacocoAnt
org.ow2.asm:asm-tree:9.9=jacocoAnt
org.ow2.asm:asm:9.9=jacocoAnt
org.postgresql:postgresql:42.7.9=runtimeClasspath,testRuntimeClasspath
org.powermock:powermock-core:2.0.9=archUnitExtraLib
org.powermock:powermock-module-junit4-common:2.0.9=archUnitExtraLib
org.powermock:powermock-module-junit4:2.0.9=archUnitExtraLib
org.powermock:powermock-reflect:2.0.9=archUnitExtraLib
org.projectlombok:lombok:1.18.44=annotationProcessor,compileClasspath,testAnnotationProcessor,testCompileClasspath
org.reflections:reflections:0.10.2=checkstyle
org.slf4j:jcl-over-slf4j:2.0.17=archUnitExtraLib
org.slf4j:slf4j-api:2.0.17=archUnitExtraLib,runtimeClasspath,testRuntimeClasspath
org.threeten:threeten-extra:1.8.0=runtimeClasspath,testRuntimeClasspath
org.xmlresolver:xmlresolver:5.3.3=checkstyle
org.yaml:snakeyaml:2.5=runtimeClasspath,testRuntimeClasspath
tools.jackson.core:jackson-core:3.1.1=archUnitExtraLib
tools.jackson.core:jackson-databind:3.1.1=archUnitExtraLib
tools.jackson:jackson-bom:3.1.1=archUnitExtraLib
empty=
