# This is a Gradle generated file for dependency locking.
# Manual edits can break the build and are not advised.
# This file is expected to be part of source control.
ch.qos.logback:logback-classic:1.5.22=compileClasspath
ch.qos.logback:logback-core:1.5.22=compileClasspath
io.micrometer:micrometer-commons:1.15.7=compileClasspath
io.micrometer:micrometer-observation:1.15.7=compileClasspath
jakarta.annotation:jakarta.annotation-api:2.1.1=compileClasspath
org.apache.logging.log4j:log4j-api:2.24.3=compileClasspath
org.apache.logging.log4j:log4j-to-slf4j:2.24.3=compileClasspath
org.mockito:mockito-core:5.23.0=mockitoAgent
org.projectlombok:lombok:1.18.44=annotationProcessor,compileClasspath
org.slf4j:jul-to-slf4j:2.0.17=compileClasspath
org.slf4j:slf4j-api:2.0.17=compileClasspath
org.springframework.boot:spring-boot-autoconfigure:3.5.9=compileClasspath
org.springframework.boot:spring-boot-dependencies:3.5.9=compileClasspath
org.springframework.boot:spring-boot-starter-logging:3.5.9=compileClasspath
org.springframework.boot:spring-boot-starter:3.5.9=compileClasspath
org.springframework.boot:spring-boot:3.5.9=compileClasspath
org.springframework:spring-aop:6.2.15=compileClasspath
org.springframework:spring-beans:6.2.15=compileClasspath
org.springframework:spring-context:6.2.15=compileClasspath
org.springframework:spring-core:6.2.15=compileClasspath
org.springframework:spring-expression:6.2.15=compileClasspath
org.springframework:spring-jcl:6.2.15=compileClasspath
org.yaml:snakeyaml:2.4=compileClasspath
empty=
