# This is a Gradle generated file for dependency locking.
# Manual edits can break the build and are not advised.
# This file is expected to be part of source control.
ch.qos.logback:logback-classic:1.5.32=compileClasspath,runtimeClasspath,testCompileClasspath,testRuntimeClasspath
ch.qos.logback:logback-core:1.5.32=compileClasspath,runtimeClasspath,testCompileClasspath,testRuntimeClasspath
com.beust:jcommander:1.82=runtimeClasspath,testRuntimeClasspath
com.codeborne:selenide-core:7.15.0=compileClasspath,runtimeClasspath,testCompileClasspath,testRuntimeClasspath
com.codeborne:selenide-grid:7.15.0=compileClasspath,runtimeClasspath,testCompileClasspath,testRuntimeClasspath
com.codeborne:selenide:7.15.0=compileClasspath,runtimeClasspath,testCompileClasspath,testRuntimeClasspath
com.ethlo.time:itu:1.7.0=compileClasspath,runtimeClasspath,testCompileClasspath,testRuntimeClasspath
com.fasterxml.jackson.core:jackson-annotations:2.21=archUnitExtraLib,compileClasspath,runtimeClasspath,testCompileClasspath,testRuntimeClasspath
com.fasterxml.jackson.core:jackson-core:2.21.1=compileClasspath,runtimeClasspath,testCompileClasspath,testRuntimeClasspath
com.fasterxml.jackson.core:jackson-core:2.21.2=archUnitExtraLib
com.fasterxml.jackson.core:jackson-databind:2.21.1=compileClasspath,runtimeClasspath,testCompileClasspath,testRuntimeClasspath
com.fasterxml.jackson.core:jackson-databind:2.21.2=archUnitExtraLib
com.fasterxml.jackson.dataformat:jackson-dataformat-xml:2.21.1=runtimeClasspath,testRuntimeClasspath
com.fasterxml.jackson.dataformat:jackson-dataformat-yaml:2.21.1=compileClasspath,runtimeClasspath,testCompileClasspath,testRuntimeClasspath
com.fasterxml.jackson.datatype:jackson-datatype-jsr310:2.21.1=compileClasspath,runtimeClasspath,testCompileClasspath,testRuntimeClasspath
com.fasterxml.jackson.datatype:jackson-datatype-jsr310:2.21.2=archUnitExtraLib
com.fasterxml.jackson.module:jackson-module-jaxb-annotations:2.21.1=runtimeClasspath,testRuntimeClasspath
com.fasterxml.jackson:jackson-bom:2.21.1=compileClasspath,runtimeClasspath,testCompileClasspath,testRuntimeClasspath
com.fasterxml.jackson:jackson-bom:2.21.2=archUnitExtraLib
com.fasterxml.uuid:java-uuid-generator:4.1.0=compileClasspath,runtimeClasspath,testCompileClasspath,testRuntimeClasspath
com.fasterxml.woodstox:woodstox-core:7.1.0=archUnitExtraLib
com.fasterxml.woodstox:woodstox-core:7.1.1=runtimeClasspath,testRuntimeClasspath
com.github.baev:jaxb-utils:1.0=runtimeClasspath,testRuntimeClasspath
com.github.cliftonlabs:json-simple:3.0.2=compileClasspath,runtimeClasspath,testCompileClasspath,testRuntimeClasspath
com.github.docker-java:docker-java-api:3.7.1=compileClasspath,runtimeClasspath,testCompileClasspath,testRuntimeClasspath
com.github.docker-java:docker-java-transport-zerodep:3.7.1=compileClasspath,runtimeClasspath,testCompileClasspath,testRuntimeClasspath
com.github.docker-java:docker-java-transport:3.7.1=compileClasspath,runtimeClasspath,testCompileClasspath,testRuntimeClasspath
com.github.java-json-tools:btf:1.3=compileClasspath,runtimeClasspath,testCompileClasspath,testRuntimeClasspath
com.github.java-json-tools:jackson-coreutils-equivalence:1.0=compileClasspath,runtimeClasspath,testCompileClasspath,testRuntimeClasspath
com.github.java-json-tools:jackson-coreutils:2.0=compileClasspath,runtimeClasspath,testCompileClasspath,testRuntimeClasspath
com.github.java-json-tools:json-patch:1.13=compileClasspath,runtimeClasspath,testCompileClasspath,testRuntimeClasspath
com.github.java-json-tools:json-schema-core:1.2.14=compileClasspath,runtimeClasspath,testCompileClasspath,testRuntimeClasspath
com.github.java-json-tools:json-schema-validator:2.2.14=compileClasspath,runtimeClasspath,testCompileClasspath,testRuntimeClasspath
com.github.java-json-tools:msg-simple:1.2=compileClasspath,runtimeClasspath,testCompileClasspath,testRuntimeClasspath
com.github.java-json-tools:uri-template:0.10=compileClasspath,runtimeClasspath,testCompileClasspath,testRuntimeClasspath
com.github.spotbugs:spotbugs-annotations:4.9.8=archUnitExtraLib
com.github.stephenc.jcip:jcip-annotations:1.0-1=compileClasspath,runtimeClasspath,testCompileClasspath,testRuntimeClasspath
com.github.valfirst.browserup-proxy:browserup-proxy-core:3.2.2=runtimeClasspath,testRuntimeClasspath
com.google.auto.service:auto-service-annotations:1.1.1=compileClasspath,runtimeClasspath,testCompileClasspath,testRuntimeClasspath
com.google.code.findbugs:jsr305:3.0.2=archUnitExtraLib,checkstyle,compileClasspath,runtimeClasspath,testCompileClasspath,testRuntimeClasspath
com.google.errorprone:error_prone_annotations:2.36.0=checkstyle
com.google.errorprone:error_prone_annotations:2.41.0=archUnitExtraLib,compileClasspath,testCompileClasspath
com.google.errorprone:error_prone_annotations:2.48.0=runtimeClasspath,testRuntimeClasspath
com.google.guava:failureaccess:1.0.3=archUnitExtraLib,checkstyle,compileClasspath,runtimeClasspath,testCompileClasspath,testRuntimeClasspath
com.google.guava:guava:33.4.8-jre=checkstyle
com.google.guava:guava:33.5.0-jre=archUnitExtraLib,compileClasspath,runtimeClasspath,testCompileClasspath,testRuntimeClasspath
com.google.guava:listenablefuture:9999.0-empty-to-avoid-conflict-with-guava=archUnitExtraLib,checkstyle,compileClasspath,runtimeClasspath,testCompileClasspath,testRuntimeClasspath
com.google.j2objc:j2objc-annotations:3.0.0=checkstyle
com.google.j2objc:j2objc-annotations:3.1=archUnitExtraLib,compileClasspath,runtimeClasspath,testCompileClasspath,testRuntimeClasspath
com.googlecode.libphonenumber:libphonenumber:8.11.1=compileClasspath,runtimeClasspath,testCompileClasspath,testRuntimeClasspath
com.jayway.jsonpath:json-path:2.7.0=compileClasspath,runtimeClasspath,testCompileClasspath,testRuntimeClasspath
com.jcraft:jzlib:1.1.3=compileClasspath,runtimeClasspath,testCompileClasspath,testRuntimeClasspath
com.lmax:disruptor:3.4.4=compileClasspath,runtimeClasspath,testCompileClasspath,testRuntimeClasspath
com.networknt:json-schema-validator:1.0.76=compileClasspath,runtimeClasspath,testCompileClasspath,testRuntimeClasspath
com.nimbusds:nimbus-jose-jwt:9.28=compileClasspath,runtimeClasspath,testCompileClasspath,testRuntimeClasspath
com.opencsv:opencsv:5.9=runtimeClasspath,testRuntimeClasspath
com.puppycrawl.tools:checkstyle:11.0.1=checkstyle
com.samskivert:jmustache:1.15=compileClasspath,runtimeClasspath,testCompileClasspath,testRuntimeClasspath
com.societegenerale.commons:arch-unit-build-plugin-core:5.0.1=archUnitExtraLib
com.sun.mail:mailapi:1.6.2=compileClasspath,runtimeClasspath,testCompileClasspath,testRuntimeClasspath
com.sun.xml.bind:jaxb-core:4.0.1=runtimeClasspath,testRuntimeClasspath
com.sun.xml.bind:jaxb-impl:4.0.1=runtimeClasspath,testRuntimeClasspath
com.tngtech.archunit:archunit:1.4.1=archUnitExtraLib
com.vladsch.flexmark:flexmark-ext-tables:0.62.2=runtimeClasspath,testRuntimeClasspath
com.vladsch.flexmark:flexmark-util-ast:0.62.2=runtimeClasspath,testRuntimeClasspath
com.vladsch.flexmark:flexmark-util-builder:0.62.2=runtimeClasspath,testRuntimeClasspath
com.vladsch.flexmark:flexmark-util-collection:0.62.2=runtimeClasspath,testRuntimeClasspath
com.vladsch.flexmark:flexmark-util-data:0.62.2=runtimeClasspath,testRuntimeClasspath
com.vladsch.flexmark:flexmark-util-dependency:0.62.2=runtimeClasspath,testRuntimeClasspath
com.vladsch.flexmark:flexmark-util-format:0.62.2=runtimeClasspath,testRuntimeClasspath
com.vladsch.flexmark:flexmark-util-html:0.62.2=runtimeClasspath,testRuntimeClasspath
com.vladsch.flexmark:flexmark-util-misc:0.62.2=runtimeClasspath,testRuntimeClasspath
com.vladsch.flexmark:flexmark-util-options:0.62.2=runtimeClasspath,testRuntimeClasspath
com.vladsch.flexmark:flexmark-util-sequence:0.62.2=runtimeClasspath,testRuntimeClasspath
com.vladsch.flexmark:flexmark-util-visitor:0.62.2=runtimeClasspath,testRuntimeClasspath
com.vladsch.flexmark:flexmark-util:0.62.2=runtimeClasspath,testRuntimeClasspath
com.vladsch.flexmark:flexmark:0.62.2=runtimeClasspath,testRuntimeClasspath
com.zaxxer:HikariCP:7.0.2=compileClasspath,runtimeClasspath,testCompileClasspath,testRuntimeClasspath
commons-beanutils:commons-beanutils:1.11.0=checkstyle
commons-beanutils:commons-beanutils:1.9.4=compileClasspath,runtimeClasspath,testCompileClasspath,testRuntimeClasspath
commons-codec:commons-codec:1.11=checkstyle
commons-codec:commons-codec:1.18.0=archUnitExtraLib
commons-codec:commons-codec:1.19.0=compileClasspath,runtimeClasspath,testCompileClasspath,testRuntimeClasspath
commons-collections:commons-collections:3.2.2=checkstyle,compileClasspath,runtimeClasspath,testCompileClasspath,testRuntimeClasspath
commons-fileupload:commons-fileupload:1.5=compileClasspath,runtimeClasspath,testCompileClasspath,testRuntimeClasspath
commons-io:commons-io:2.20.0=compileClasspath,testCompileClasspath
commons-io:commons-io:2.21.0=archUnitExtraLib,runtimeClasspath,testRuntimeClasspath
commons-logging:commons-logging:1.3.5=archUnitExtraLib,compileClasspath,runtimeClasspath,testCompileClasspath,testRuntimeClasspath
info.picocli:picocli:4.7.7=checkstyle
io.cucumber:ci-environment:12.0.0=compileClasspath,runtimeClasspath,testCompileClasspath,testRuntimeClasspath
io.cucumber:cucumber-core:7.34.3=compileClasspath,runtimeClasspath,testCompileClasspath,testRuntimeClasspath
io.cucumber:cucumber-expressions:18.1.0=compileClasspath,runtimeClasspath,testCompileClasspath,testRuntimeClasspath
io.cucumber:cucumber-gherkin-messages:7.34.3=compileClasspath,runtimeClasspath,testCompileClasspath,testRuntimeClasspath
io.cucumber:cucumber-gherkin:7.34.3=compileClasspath,runtimeClasspath,testCompileClasspath,testRuntimeClasspath
io.cucumber:cucumber-java:7.34.3=compileClasspath,runtimeClasspath,testCompileClasspath,testRuntimeClasspath
io.cucumber:cucumber-json-formatter:0.3.2=compileClasspath,runtimeClasspath,testCompileClasspath,testRuntimeClasspath
io.cucumber:cucumber-junit-platform-engine:7.34.3=compileClasspath,runtimeClasspath,testCompileClasspath,testRuntimeClasspath
io.cucumber:cucumber-plugin:7.34.3=compileClasspath,runtimeClasspath,testCompileClasspath,testRuntimeClasspath
io.cucumber:cucumber-spring:7.34.3=compileClasspath,runtimeClasspath,testCompileClasspath,testRuntimeClasspath
io.cucumber:datatable:7.34.3=compileClasspath,runtimeClasspath,testCompileClasspath,testRuntimeClasspath
io.cucumber:docstring:7.34.3=compileClasspath,runtimeClasspath,testCompileClasspath,testRuntimeClasspath
io.cucumber:gherkin:36.1.0=compileClasspath,runtimeClasspath,testCompileClasspath,testRuntimeClasspath
io.cucumber:html-formatter:22.3.0=compileClasspath,runtimeClasspath,testCompileClasspath,testRuntimeClasspath
io.cucumber:junit-xml-formatter:0.11.0=compileClasspath,runtimeClasspath,testCompileClasspath,testRuntimeClasspath
io.cucumber:messages-ndjson:0.3.2=compileClasspath,runtimeClasspath,testCompileClasspath,testRuntimeClasspath
io.cucumber:messages:30.1.0=compileClasspath,runtimeClasspath,testCompileClasspath,testRuntimeClasspath
io.cucumber:pretty-formatter:2.4.1=compileClasspath,runtimeClasspath,testCompileClasspath,testRuntimeClasspath
io.cucumber:query:14.7.0=compileClasspath,runtimeClasspath,testCompileClasspath,testRuntimeClasspath
io.cucumber:tag-expressions:8.1.0=compileClasspath,runtimeClasspath,testCompileClasspath,testRuntimeClasspath
io.cucumber:teamcity-formatter:0.2.0=compileClasspath,runtimeClasspath,testCompileClasspath,testRuntimeClasspath
io.cucumber:testng-xml-formatter:0.7.0=compileClasspath,runtimeClasspath,testCompileClasspath,testRuntimeClasspath
io.cucumber:usage-formatter:0.1.0=compileClasspath,runtimeClasspath,testCompileClasspath,testRuntimeClasspath
io.github.classgraph:classgraph:4.8.154=compileClasspath,runtimeClasspath,testCompileClasspath,testRuntimeClasspath
io.github.openfeign:feign-core:13.11=compileClasspath,runtimeClasspath,testCompileClasspath,testRuntimeClasspath
io.github.openfeign:feign-form-spring:13.6=compileClasspath,runtimeClasspath,testCompileClasspath,testRuntimeClasspath
io.github.openfeign:feign-form:13.6=compileClasspath,runtimeClasspath,testCompileClasspath,testRuntimeClasspath
io.github.openfeign:feign-hc5:13.11=compileClasspath,runtimeClasspath,testCompileClasspath,testRuntimeClasspath
io.github.openfeign:feign-jackson:13.11=compileClasspath,runtimeClasspath,testCompileClasspath,testRuntimeClasspath
io.github.openfeign:feign-slf4j:13.11=compileClasspath,runtimeClasspath,testCompileClasspath,testRuntimeClasspath
io.micrometer:micrometer-commons:1.16.4=compileClasspath,runtimeClasspath,testCompileClasspath,testRuntimeClasspath
io.micrometer:micrometer-observation:1.16.4=compileClasspath,runtimeClasspath,testCompileClasspath,testRuntimeClasspath
io.netty:netty-buffer:4.1.86.Final=compileClasspath,runtimeClasspath,testCompileClasspath,testRuntimeClasspath
io.netty:netty-codec-http2:4.1.86.Final=compileClasspath,runtimeClasspath,testCompileClasspath,testRuntimeClasspath
io.netty:netty-codec-http:4.1.86.Final=compileClasspath,runtimeClasspath,testCompileClasspath,testRuntimeClasspath
io.netty:netty-codec-socks:4.1.86.Final=compileClasspath,runtimeClasspath,testCompileClasspath,testRuntimeClasspath
io.netty:netty-codec:4.1.86.Final=compileClasspath,runtimeClasspath,testCompileClasspath,testRuntimeClasspath
io.netty:netty-common:4.1.86.Final=compileClasspath,runtimeClasspath,testCompileClasspath,testRuntimeClasspath
io.netty:netty-handler-proxy:4.1.86.Final=compileClasspath,runtimeClasspath,testCompileClasspath,testRuntimeClasspath
io.netty:netty-handler:4.1.86.Final=compileClasspath,runtimeClasspath,testCompileClasspath,testRuntimeClasspath
io.netty:netty-resolver:4.1.86.Final=compileClasspath,runtimeClasspath,testCompileClasspath,testRuntimeClasspath
io.netty:netty-tcnative-boringssl-static:2.0.56.Final=compileClasspath,runtimeClasspath,testCompileClasspath,testRuntimeClasspath
io.netty:netty-tcnative-classes:2.0.56.Final=compileClasspath,runtimeClasspath,testCompileClasspath,testRuntimeClasspath
io.netty:netty-transport-native-unix-common:4.1.86.Final=compileClasspath,runtimeClasspath,testCompileClasspath,testRuntimeClasspath
io.netty:netty-transport:4.1.86.Final=compileClasspath,runtimeClasspath,testCompileClasspath,testRuntimeClasspath
io.opentelemetry.instrumentation:opentelemetry-instrumentation-annotations:2.25.0=archUnitExtraLib
io.opentelemetry:opentelemetry-api:1.59.0=archUnitExtraLib,compileClasspath,runtimeClasspath,testCompileClasspath,testRuntimeClasspath
io.opentelemetry:opentelemetry-common:1.59.0=archUnitExtraLib,compileClasspath,runtimeClasspath,testCompileClasspath,testRuntimeClasspath
io.opentelemetry:opentelemetry-context:1.59.0=archUnitExtraLib,compileClasspath,runtimeClasspath,testCompileClasspath,testRuntimeClasspath
io.opentelemetry:opentelemetry-exporter-logging:1.59.0=compileClasspath,runtimeClasspath,testCompileClasspath,testRuntimeClasspath
io.opentelemetry:opentelemetry-sdk-common:1.59.0=compileClasspath,runtimeClasspath,testCompileClasspath,testRuntimeClasspath
io.opentelemetry:opentelemetry-sdk-extension-autoconfigure-spi:1.59.0=compileClasspath,runtimeClasspath,testCompileClasspath,testRuntimeClasspath
io.opentelemetry:opentelemetry-sdk-extension-autoconfigure:1.59.0=compileClasspath,runtimeClasspath,testCompileClasspath,testRuntimeClasspath
io.opentelemetry:opentelemetry-sdk-logs:1.59.0=compileClasspath,runtimeClasspath,testCompileClasspath,testRuntimeClasspath
io.opentelemetry:opentelemetry-sdk-metrics:1.59.0=compileClasspath,runtimeClasspath,testCompileClasspath,testRuntimeClasspath
io.opentelemetry:opentelemetry-sdk-trace:1.59.0=compileClasspath,runtimeClasspath,testCompileClasspath,testRuntimeClasspath
io.opentelemetry:opentelemetry-sdk:1.59.0=compileClasspath,runtimeClasspath,testCompileClasspath,testRuntimeClasspath
io.prometheus:simpleclient:0.16.0=compileClasspath,runtimeClasspath,testCompileClasspath,testRuntimeClasspath
io.prometheus:simpleclient_common:0.16.0=compileClasspath,runtimeClasspath,testCompileClasspath,testRuntimeClasspath
io.prometheus:simpleclient_httpserver:0.16.0=compileClasspath,runtimeClasspath,testCompileClasspath,testRuntimeClasspath
io.prometheus:simpleclient_tracer_common:0.16.0=compileClasspath,runtimeClasspath,testCompileClasspath,testRuntimeClasspath
io.prometheus:simpleclient_tracer_otel:0.16.0=compileClasspath,runtimeClasspath,testCompileClasspath,testRuntimeClasspath
io.prometheus:simpleclient_tracer_otel_agent:0.16.0=compileClasspath,runtimeClasspath,testCompileClasspath,testRuntimeClasspath
io.qameta.allure:allure-commandline:2.33.0=compileClasspath,runtimeClasspath,testCompileClasspath,testRuntimeClasspath
io.qameta.allure:allure-cucumber7-jvm:2.33.0=compileClasspath,runtimeClasspath,testCompileClasspath,testRuntimeClasspath
io.qameta.allure:allure-generator:2.33.0=runtimeClasspath,testRuntimeClasspath
io.qameta.allure:allure-java-commons:2.33.0=compileClasspath,runtimeClasspath,testCompileClasspath,testRuntimeClasspath
io.qameta.allure:allure-model:2.33.0=compileClasspath,runtimeClasspath,testCompileClasspath,testRuntimeClasspath
io.qameta.allure:allure-plugin-api:2.33.0=runtimeClasspath,testRuntimeClasspath
io.qameta.allure:allure-selenide:2.33.0=compileClasspath,runtimeClasspath,testCompileClasspath,testRuntimeClasspath
io.smallrye.common:smallrye-common-annotation:2.15.0=compileClasspath,runtimeClasspath,testCompileClasspath,testRuntimeClasspath
io.smallrye.common:smallrye-common-classloader:2.15.0=compileClasspath,runtimeClasspath,testCompileClasspath,testRuntimeClasspath
io.smallrye.common:smallrye-common-constraint:2.15.0=compileClasspath,runtimeClasspath,testCompileClasspath,testRuntimeClasspath
io.smallrye.common:smallrye-common-expression:2.15.0=compileClasspath,runtimeClasspath,testCompileClasspath,testRuntimeClasspath
io.smallrye.common:smallrye-common-function:2.15.0=compileClasspath,runtimeClasspath,testCompileClasspath,testRuntimeClasspath
io.smallrye.config:smallrye-config-common:3.16.0=compileClasspath,runtimeClasspath,testCompileClasspath,testRuntimeClasspath
io.smallrye.config:smallrye-config-core:3.16.0=compileClasspath,runtimeClasspath,testCompileClasspath,testRuntimeClasspath
io.smallrye.config:smallrye-config-source-yaml:3.16.0=compileClasspath,runtimeClasspath,testCompileClasspath,testRuntimeClasspath
io.swagger.core.v3:swagger-annotations:2.2.8=compileClasspath,runtimeClasspath,testCompileClasspath,testRuntimeClasspath
io.swagger.core.v3:swagger-core:2.2.8=compileClasspath,runtimeClasspath,testCompileClasspath,testRuntimeClasspath
io.swagger.core.v3:swagger-models:2.2.8=compileClasspath,runtimeClasspath,testCompileClasspath,testRuntimeClasspath
io.swagger.parser.v3:swagger-parser-core:2.1.10=compileClasspath,runtimeClasspath,testCompileClasspath,testRuntimeClasspath
io.swagger.parser.v3:swagger-parser-v2-converter:2.1.10=compileClasspath,runtimeClasspath,testCompileClasspath,testRuntimeClasspath
io.swagger.parser.v3:swagger-parser-v3:2.1.10=compileClasspath,runtimeClasspath,testCompileClasspath,testRuntimeClasspath
io.swagger.parser.v3:swagger-parser:2.1.10=compileClasspath,runtimeClasspath,testCompileClasspath,testRuntimeClasspath
io.swagger:swagger-annotations:1.6.9=compileClasspath,runtimeClasspath,testCompileClasspath,testRuntimeClasspath
io.swagger:swagger-compat-spec-parser:1.0.64=compileClasspath,runtimeClasspath,testCompileClasspath,testRuntimeClasspath
io.swagger:swagger-core:1.6.9=compileClasspath,runtimeClasspath,testCompileClasspath,testRuntimeClasspath
io.swagger:swagger-models:1.6.9=compileClasspath,runtimeClasspath,testCompileClasspath,testRuntimeClasspath
io.swagger:swagger-parser:1.0.64=compileClasspath,runtimeClasspath,testCompileClasspath,testRuntimeClasspath
jakarta.activation:jakarta.activation-api:2.1.3=archUnitExtraLib,compileClasspath,runtimeClasspath,testCompileClasspath,testRuntimeClasspath
jakarta.annotation:jakarta.annotation-api:2.1.1=compileClasspath,runtimeClasspath,testCompileClasspath,testRuntimeClasspath
jakarta.annotation:jakarta.annotation-api:3.0.0=archUnitExtraLib
jakarta.inject:jakarta.inject-api:2.0.1=archUnitExtraLib
jakarta.servlet:jakarta.servlet-api:6.1.0=archUnitExtraLib
jakarta.validation:jakarta.validation-api:2.0.2=compileClasspath,runtimeClasspath,testCompileClasspath,testRuntimeClasspath
jakarta.xml.bind:jakarta.xml.bind-api:4.0.2=archUnitExtraLib,compileClasspath,runtimeClasspath,testCompileClasspath,testRuntimeClasspath
jakarta.xml.soap:jakarta.xml.soap-api:3.0.2=archUnitExtraLib
javax.activation:javax.activation-api:1.2.0=runtimeClasspath,testRuntimeClasspath
javax.servlet:javax.servlet-api:4.0.1=compileClasspath,runtimeClasspath,testCompileClasspath,testRuntimeClasspath
javax.xml.bind:jaxb-api:2.3.1=runtimeClasspath,testRuntimeClasspath
joda-time:joda-time:2.10.5=compileClasspath,runtimeClasspath,testCompileClasspath,testRuntimeClasspath
junit:junit:4.13.2=archUnitExtraLib,testCompileClasspath,testRuntimeClasspath
net.bytebuddy:byte-buddy-agent:1.10.14=archUnitExtraLib
net.bytebuddy:byte-buddy-agent:1.17.7=testCompileClasspath,testRuntimeClasspath
net.bytebuddy:byte-buddy:1.10.14=archUnitExtraLib
net.bytebuddy:byte-buddy:1.18.5=compileClasspath,runtimeClasspath,testCompileClasspath,testRuntimeClasspath
net.java.dev.jna:jna:5.18.1=compileClasspath,runtimeClasspath,testCompileClasspath,testRuntimeClasspath
net.javacrumbs.json-unit:json-unit-core:2.36.0=compileClasspath,runtimeClasspath,testCompileClasspath,testRuntimeClasspath
net.minidev:accessors-smart:2.4.7=compileClasspath,runtimeClasspath,testCompileClasspath,testRuntimeClasspath
net.minidev:json-smart:2.4.7=compileClasspath,runtimeClasspath,testCompileClasspath,testRuntimeClasspath
net.sf.jopt-simple:jopt-simple:5.0.4=compileClasspath,runtimeClasspath,testCompileClasspath,testRuntimeClasspath
net.sf.saxon:Saxon-HE:12.8=checkstyle
org.allurefw:allure1-model:1.0=runtimeClasspath,testRuntimeClasspath
org.antlr:antlr4-runtime:4.13.2=checkstyle
org.apache.commons:commons-collections4:4.4=runtimeClasspath,testRuntimeClasspath
org.apache.commons:commons-compress:1.28.0=compileClasspath,runtimeClasspath,testCompileClasspath,testRuntimeClasspath
org.apache.commons:commons-configuration2:2.13.0=archUnitExtraLib
org.apache.commons:commons-digester3:3.2=compileClasspath,runtimeClasspath,testCompileClasspath,testRuntimeClasspath
org.apache.commons:commons-lang3:3.18.0=compileClasspath,testCompileClasspath
org.apache.commons:commons-lang3:3.20.0=archUnitExtraLib,runtimeClasspath,testRuntimeClasspath
org.apache.commons:commons-lang3:3.8.1=checkstyle
org.apache.commons:commons-text:1.13.0=compileClasspath,runtimeClasspath,testCompileClasspath,testRuntimeClasspath
org.apache.commons:commons-text:1.15.0=archUnitExtraLib
org.apache.commons:commons-text:1.3=checkstyle
org.apache.httpcomponents.client5:httpclient5:5.6=archUnitExtraLib,compileClasspath,runtimeClasspath,testCompileClasspath,testRuntimeClasspath
org.apache.httpcomponents.core5:httpcore5-h2:5.4=archUnitExtraLib,compileClasspath,runtimeClasspath,testCompileClasspath,testRuntimeClasspath
org.apache.httpcomponents.core5:httpcore5:5.4=archUnitExtraLib,compileClasspath,runtimeClasspath,testCompileClasspath,testRuntimeClasspath
org.apache.httpcomponents:httpclient:4.5.13=checkstyle,compileClasspath,testCompileClasspath
org.apache.httpcomponents:httpclient:4.5.14=runtimeClasspath,testRuntimeClasspath
org.apache.httpcomponents:httpcore:4.4.13=compileClasspath,testCompileClasspath
org.apache.httpcomponents:httpcore:4.4.14=checkstyle
org.apache.httpcomponents:httpcore:4.4.16=runtimeClasspath,testRuntimeClasspath
org.apache.maven.doxia:doxia-core:1.12.0=checkstyle
org.apache.maven.doxia:doxia-logging-api:1.12.0=checkstyle
org.apache.maven.doxia:doxia-module-xdoc:1.12.0=checkstyle
org.apache.maven.doxia:doxia-sink-api:1.12.0=checkstyle
org.apache.santuario:xmlsec:4.0.4=archUnitExtraLib
org.apache.tika:tika-core:2.9.2=runtimeClasspath,testRuntimeClasspath
org.apache.velocity.tools:velocity-tools-generic:3.1=compileClasspath,runtimeClasspath,testCompileClasspath,testRuntimeClasspath
org.apache.velocity:velocity-engine-core:2.3=compileClasspath,runtimeClasspath,testCompileClasspath,testRuntimeClasspath
org.apache.velocity:velocity-engine-scripting:2.3=compileClasspath,runtimeClasspath,testCompileClasspath,testRuntimeClasspath
org.apache.xbean:xbean-reflect:3.7=checkstyle
org.apiguardian:apiguardian-api:1.1.2=compileClasspath,runtimeClasspath,testCompileClasspath,testRuntimeClasspath
org.assertj:assertj-core:3.27.7=compileClasspath,runtimeClasspath,testCompileClasspath,testRuntimeClasspath
org.bouncycastle:bcpkix-jdk18on:1.72=compileClasspath,runtimeClasspath,testCompileClasspath,testRuntimeClasspath
org.bouncycastle:bcpkix-jdk18on:1.84=archUnitExtraLib
org.bouncycastle:bcprov-jdk18on:1.80=compileClasspath,runtimeClasspath,testCompileClasspath,testRuntimeClasspath
org.bouncycastle:bcprov-jdk18on:1.84=archUnitExtraLib
org.bouncycastle:bcutil-jdk18on:1.72=compileClasspath,runtimeClasspath,testCompileClasspath,testRuntimeClasspath
org.bouncycastle:bcutil-jdk18on:1.84=archUnitExtraLib
org.checkerframework:checker-qual:3.49.5=checkstyle
org.codehaus.plexus:plexus-classworlds:2.6.0=checkstyle
org.codehaus.plexus:plexus-component-annotations:2.1.0=checkstyle
org.codehaus.plexus:plexus-container-default:2.1.0=checkstyle
org.codehaus.plexus:plexus-utils:3.3.0=checkstyle
org.codehaus.woodstox:stax2-api:4.2.2=archUnitExtraLib,runtimeClasspath,testRuntimeClasspath
org.eclipse.angus:angus-activation:1.0.0=runtimeClasspath,testRuntimeClasspath
org.eclipse.microprofile.config:microprofile-config-api:3.1.1-RC1=compileClasspath,runtimeClasspath,testCompileClasspath,testRuntimeClasspath
org.freemarker:freemarker:2.3.34=runtimeClasspath,testRuntimeClasspath
org.hamcrest:hamcrest-core:1.3=archUnitExtraLib
org.hamcrest:hamcrest-core:2.2=compileClasspath,runtimeClasspath,testCompileClasspath,testRuntimeClasspath
org.hamcrest:hamcrest:2.2=compileClasspath,runtimeClasspath,testCompileClasspath,testRuntimeClasspath
org.jacoco:org.jacoco.agent:0.8.14=jacocoAgent,jacocoAnt
org.jacoco:org.jacoco.ant:0.8.14=jacocoAnt
org.jacoco:org.jacoco.core:0.8.14=jacocoAnt
org.jacoco:org.jacoco.report:0.8.14=jacocoAnt
org.javassist:javassist:3.27.0-GA=archUnitExtraLib
org.javassist:javassist:3.28.0-GA=checkstyle
org.jboss.forge.roaster:roaster-api:2.30.3.Final=archUnitExtraLib
org.jboss.forge.roaster:roaster-jdt:2.30.3.Final=archUnitExtraLib
org.jboss.logging:jboss-logging:3.6.1.Final=compileClasspath,runtimeClasspath,testCompileClasspath,testRuntimeClasspath
org.jetbrains:annotations:17.0.0=compileClasspath,runtimeClasspath,testCompileClasspath,testRuntimeClasspath
org.jspecify:jspecify:1.0.0=archUnitExtraLib,checkstyle,compileClasspath,runtimeClasspath,testCompileClasspath,testRuntimeClasspath
org.junit.jupiter:junit-jupiter-api:6.0.1=archUnitExtraLib
org.junit.jupiter:junit-jupiter-api:6.0.3=compileClasspath,runtimeClasspath,testCompileClasspath,testRuntimeClasspath
org.junit.jupiter:junit-jupiter-engine:6.0.1=archUnitExtraLib
org.junit.jupiter:junit-jupiter-engine:6.0.3=compileClasspath,runtimeClasspath,testCompileClasspath,testRuntimeClasspath
org.junit.jupiter:junit-jupiter-params:6.0.1=archUnitExtraLib
org.junit.jupiter:junit-jupiter:6.0.1=archUnitExtraLib
org.junit.platform:junit-platform-commons:6.0.1=archUnitExtraLib
org.junit.platform:junit-platform-commons:6.0.3=compileClasspath,runtimeClasspath,testCompileClasspath,testRuntimeClasspath
org.junit.platform:junit-platform-console:6.0.3=compileClasspath,runtimeClasspath,testCompileClasspath,testRuntimeClasspath
org.junit.platform:junit-platform-engine:6.0.1=archUnitExtraLib
org.junit.platform:junit-platform-engine:6.0.3=compileClasspath,runtimeClasspath,testCompileClasspath,testRuntimeClasspath
org.junit.platform:junit-platform-launcher:6.0.3=compileClasspath,runtimeClasspath,testCompileClasspath,testRuntimeClasspath
org.junit.platform:junit-platform-reporting:6.0.3=compileClasspath,runtimeClasspath,testCompileClasspath,testRuntimeClasspath
org.junit.platform:junit-platform-suite-api:6.0.3=compileClasspath,runtimeClasspath,testCompileClasspath,testRuntimeClasspath
org.junit.platform:junit-platform-suite-engine:6.0.3=compileClasspath,runtimeClasspath,testCompileClasspath,testRuntimeClasspath
org.junit.vintage:junit-vintage-engine:6.0.3=testCompileClasspath,testRuntimeClasspath
org.junit:junit-bom:6.0.1=archUnitExtraLib
org.junit:junit-bom:6.0.3=compileClasspath,runtimeClasspath,testCompileClasspath,testRuntimeClasspath
org.mock-server:mockserver-client-java:5.15.0=compileClasspath,runtimeClasspath,testCompileClasspath,testRuntimeClasspath
org.mock-server:mockserver-core:5.15.0=compileClasspath,runtimeClasspath,testCompileClasspath,testRuntimeClasspath
org.mockito:mockito-core:5.23.0=mockitoAgent,testCompileClasspath,testRuntimeClasspath
org.mockito:mockito-junit-jupiter:5.23.0=testCompileClasspath,testRuntimeClasspath
org.mozilla:rhino:1.7.7.2=compileClasspath,runtimeClasspath,testCompileClasspath,testRuntimeClasspath
org.objenesis:objenesis:3.0.1=archUnitExtraLib
org.objenesis:objenesis:3.3=testRuntimeClasspath
org.opentest4j.reporting:open-test-reporting-tooling-spi:0.2.4=runtimeClasspath,testRuntimeClasspath
org.opentest4j:opentest4j:1.3.0=archUnitExtraLib,compileClasspath,runtimeClasspath,testCompileClasspath,testRuntimeClasspath
org.ow2.asm:asm-commons:9.9=jacocoAnt
org.ow2.asm:asm-tree:9.9=jacocoAnt
org.ow2.asm:asm:9.9=jacocoAnt
org.ow2.asm:asm:9.9.1=compileClasspath,runtimeClasspath,testCompileClasspath,testRuntimeClasspath
org.powermock:powermock-core:2.0.9=archUnitExtraLib
org.powermock:powermock-module-junit4-common:2.0.9=archUnitExtraLib
org.powermock:powermock-module-junit4:2.0.9=archUnitExtraLib
org.powermock:powermock-reflect:2.0.9=archUnitExtraLib
org.projectlombok:lombok:1.18.44=annotationProcessor,compileClasspath,testAnnotationProcessor,testCompileClasspath
org.reflections:reflections:0.10.2=checkstyle
org.rnorth.duct-tape:duct-tape:1.0.8=compileClasspath,runtimeClasspath,testCompileClasspath,testRuntimeClasspath
org.seleniumhq.selenium:selenium-api:4.41.0=compileClasspath,runtimeClasspath,testCompileClasspath,testRuntimeClasspath
org.seleniumhq.selenium:selenium-chrome-driver:4.41.0=compileClasspath,runtimeClasspath,testCompileClasspath,testRuntimeClasspath
org.seleniumhq.selenium:selenium-chromium-driver:4.41.0=compileClasspath,runtimeClasspath,testCompileClasspath,testRuntimeClasspath
org.seleniumhq.selenium:selenium-devtools-v143:4.41.0=compileClasspath,runtimeClasspath,testCompileClasspath,testRuntimeClasspath
org.seleniumhq.selenium:selenium-devtools-v144:4.41.0=compileClasspath,runtimeClasspath,testCompileClasspath,testRuntimeClasspath
org.seleniumhq.selenium:selenium-devtools-v145:4.41.0=compileClasspath,runtimeClasspath,testCompileClasspath,testRuntimeClasspath
org.seleniumhq.selenium:selenium-edge-driver:4.41.0=compileClasspath,runtimeClasspath,testCompileClasspath,testRuntimeClasspath
org.seleniumhq.selenium:selenium-firefox-driver:4.41.0=compileClasspath,runtimeClasspath,testCompileClasspath,testRuntimeClasspath
org.seleniumhq.selenium:selenium-http:4.41.0=compileClasspath,runtimeClasspath,testCompileClasspath,testRuntimeClasspath
org.seleniumhq.selenium:selenium-ie-driver:4.41.0=compileClasspath,runtimeClasspath,testCompileClasspath,testRuntimeClasspath
org.seleniumhq.selenium:selenium-java:4.41.0=compileClasspath,runtimeClasspath,testCompileClasspath,testRuntimeClasspath
org.seleniumhq.selenium:selenium-json:4.41.0=compileClasspath,runtimeClasspath,testCompileClasspath,testRuntimeClasspath
org.seleniumhq.selenium:selenium-manager:4.41.0=compileClasspath,runtimeClasspath,testCompileClasspath,testRuntimeClasspath
org.seleniumhq.selenium:selenium-os:4.41.0=compileClasspath,runtimeClasspath,testCompileClasspath,testRuntimeClasspath
org.seleniumhq.selenium:selenium-remote-driver:4.41.0=compileClasspath,runtimeClasspath,testCompileClasspath,testRuntimeClasspath
org.seleniumhq.selenium:selenium-safari-driver:4.41.0=compileClasspath,runtimeClasspath,testCompileClasspath,testRuntimeClasspath
org.seleniumhq.selenium:selenium-support:4.41.0=compileClasspath,runtimeClasspath,testCompileClasspath,testRuntimeClasspath
org.slf4j:jcl-over-slf4j:2.0.17=archUnitExtraLib
org.slf4j:jul-to-slf4j:2.0.17=compileClasspath,runtimeClasspath,testCompileClasspath,testRuntimeClasspath
org.slf4j:slf4j-api:2.0.17=archUnitExtraLib,compileClasspath,runtimeClasspath,testCompileClasspath,testRuntimeClasspath
org.springframework.cloud:spring-cloud-commons:4.3.0=compileClasspath,runtimeClasspath,testCompileClasspath,testRuntimeClasspath
org.springframework.cloud:spring-cloud-context:4.3.0=compileClasspath,runtimeClasspath,testCompileClasspath,testRuntimeClasspath
org.springframework.cloud:spring-cloud-dependencies:2025.0.0=compileClasspath,runtimeClasspath,testCompileClasspath,testRuntimeClasspath
org.springframework.cloud:spring-cloud-openfeign-core:4.3.0=compileClasspath,runtimeClasspath,testCompileClasspath,testRuntimeClasspath
org.springframework.cloud:spring-cloud-starter-openfeign:4.3.0=compileClasspath,runtimeClasspath,testCompileClasspath,testRuntimeClasspath
org.springframework.cloud:spring-cloud-starter:4.3.0=compileClasspath,runtimeClasspath,testCompileClasspath,testRuntimeClasspath
org.springframework.security:spring-security-crypto:6.5.0=compileClasspath,runtimeClasspath,testCompileClasspath,testRuntimeClasspath
org.springframework:spring-aop:7.0.6=compileClasspath,runtimeClasspath,testCompileClasspath,testRuntimeClasspath
org.springframework:spring-beans:7.0.6=compileClasspath,runtimeClasspath,testCompileClasspath,testRuntimeClasspath
org.springframework:spring-context:7.0.6=compileClasspath,runtimeClasspath,testCompileClasspath,testRuntimeClasspath
org.springframework:spring-core:7.0.6=compileClasspath,runtimeClasspath,testCompileClasspath,testRuntimeClasspath
org.springframework:spring-expression:7.0.6=compileClasspath,runtimeClasspath,testCompileClasspath,testRuntimeClasspath
org.springframework:spring-jdbc:7.0.6=compileClasspath,runtimeClasspath,testCompileClasspath,testRuntimeClasspath
org.springframework:spring-test:7.0.6=compileClasspath,runtimeClasspath,testCompileClasspath,testRuntimeClasspath
org.springframework:spring-tx:7.0.6=compileClasspath,runtimeClasspath,testCompileClasspath,testRuntimeClasspath
org.springframework:spring-web:7.0.6=compileClasspath,runtimeClasspath,testCompileClasspath,testRuntimeClasspath
org.testcontainers:testcontainers:2.0.4=compileClasspath,runtimeClasspath,testCompileClasspath,testRuntimeClasspath
org.xmlresolver:xmlresolver:5.3.3=checkstyle
org.xmlunit:xmlunit-core:2.9.1=compileClasspath,runtimeClasspath,testCompileClasspath,testRuntimeClasspath
org.xmlunit:xmlunit-placeholders:2.9.1=compileClasspath,runtimeClasspath,testCompileClasspath,testRuntimeClasspath
org.yaml:snakeyaml:2.5=compileClasspath,runtimeClasspath,testCompileClasspath,testRuntimeClasspath
empty=
