# This is a Gradle generated file for dependency locking.
# Manual edits can break the build and are not advised.
# This file is expected to be part of source control.
com.bucket4j:bucket4j-core:8.10.1=compileClasspath
com.google.errorprone:error_prone_annotations:2.41.0=compileClasspath
com.google.guava:failureaccess:1.0.3=compileClasspath
com.google.guava:guava:33.5.0-jre=compileClasspath
com.google.guava:listenablefuture:9999.0-empty-to-avoid-conflict-with-guava=compileClasspath
com.google.j2objc:j2objc-annotations:3.1=compileClasspath
jakarta.servlet:jakarta.servlet-api:6.1.0=compileClasspath
org.jspecify:jspecify:1.0.0=compileClasspath
org.mockito:mockito-core:5.23.0=mockitoAgent
org.projectlombok:lombok:1.18.44=annotationProcessor,compileClasspath
org.slf4j:slf4j-api:2.0.17=compileClasspath
empty=
