# This is a Gradle generated file for dependency locking.
# Manual edits can break the build and are not advised.
# This file is expected to be part of source control.
com.sun.istack:istack-commons-runtime:4.1.2=compileClasspath
jakarta.activation:jakarta.activation-api:2.1.4=compileClasspath
jakarta.xml.bind:jakarta.xml.bind-api:4.0.2=compileClasspath
org.glassfish.jaxb:jaxb-core:4.0.7=compileClasspath
org.glassfish.jaxb:jaxb-runtime:4.0.7=compileClasspath
org.glassfish.jaxb:txw2:4.0.7=compileClasspath
org.mockito:mockito-core:5.23.0=mockitoAgent
org.projectlombok:lombok:1.18.44=annotationProcessor,compileClasspath
empty=
