# This is a Gradle generated file for dependency locking.
# Manual edits can break the build and are not advised.
# This file is expected to be part of source control.
com.zaxxer:HikariCP:7.0.2=compileClasspath
io.smallrye.common:smallrye-common-annotation:2.15.0=compileClasspath
io.smallrye.common:smallrye-common-classloader:2.15.0=compileClasspath
io.smallrye.common:smallrye-common-constraint:2.15.0=compileClasspath
io.smallrye.common:smallrye-common-expression:2.15.0=compileClasspath
io.smallrye.common:smallrye-common-function:2.15.0=compileClasspath
io.smallrye.config:smallrye-config-common:3.16.0=compileClasspath
io.smallrye.config:smallrye-config-core:3.16.0=compileClasspath
io.smallrye:jandex:3.2.2=jandex
jakarta.annotation:jakarta.annotation-api:2.1.1=compileClasspath
org.eclipse.microprofile.config:microprofile-config-api:3.1.1-RC1=compileClasspath
org.jboss.logging:jboss-logging:3.6.1.Final=compileClasspath
org.mockito:mockito-core:5.23.0=mockitoAgent
org.ow2.asm:asm:9.9.1=compileClasspath
org.projectlombok:lombok:1.18.44=annotationProcessor,compileClasspath
org.slf4j:slf4j-api:2.0.17=compileClasspath
empty=
